// !$*UTF8*$!
{
	archiveVersion = 1;
	classes = {
	};
	objectVersion = 46;
	objects = {

/* Begin PBXBuildFile section */
		403B6B0E1ED3EA6A00441A84 /* LocationVC.swift in Sources */ = {isa = PBXBuildFile; fileRef = 403B6B0D1ED3EA6A00441A84 /* LocationVC.swift */; };
		408AEA3A1ED3E72A006368C1 /* AppDelegate.swift in Sources */ = {isa = PBXBuildFile; fileRef = 408AEA391ED3E72A006368C1 /* AppDelegate.swift */; };
		408AEA3C1ED3E72A006368C1 /* ViewController.swift in Sources */ = {isa = PBXBuildFile; fileRef = 408AEA3B1ED3E72A006368C1 /* ViewController.swift */; };
		408AEA3F1ED3E72A006368C1 /* Main.storyboard in Resources */ = {isa = PBXBuildFile; fileRef = 408AEA3D1ED3E72A006368C1 /* Main.storyboard */; };
		408AEA411ED3E72A006368C1 /* Assets.xcassets in Resources */ = {isa = PBXBuildFile; fileRef = 408AEA401ED3E72A006368C1 /* Assets.xcassets */; };
		408AEA441ED3E72A006368C1 /* LaunchScreen.storyboard in Resources */ = {isa = PBXBuildFile; fileRef = 408AEA421ED3E72A006368C1 /* LaunchScreen.storyboard */; };
		B248143E7A33A93E93302EC1 /* Pods_GoogleMap.framework in Frameworks */ = {isa = PBXBuildFile; fileRef = 70260EAB69580F5D49D081AF /* Pods_GoogleMap.framework */; };
/* End PBXBuildFile section */

/* Begin PBXFileReference section */
		403B6B0D1ED3EA6A00441A84 /* LocationVC.swift */ = {isa = PBXFileReference; fileEncoding = 4; lastKnownFileType = sourcecode.swift; path = LocationVC.swift; sourceTree = "<group>"; };
		408AEA361ED3E72A006368C1 /* GoogleMap.app */ = {isa = PBXFileReference; explicitFileType = wrapper.application; includeInIndex = 0; path = GoogleMap.app; sourceTree = BUILT_PRODUCTS_DIR; };
		408AEA391ED3E72A006368C1 /* AppDelegate.swift */ = {isa = PBXFileReference; lastKnownFileType = sourcecode.swift; path = AppDelegate.swift; sourceTree = "<group>"; };
		408AEA3B1ED3E72A006368C1 /* ViewController.swift */ = {isa = PBXFileReference; lastKnownFileType = sourcecode.swift; path = ViewController.swift; sourceTree = "<group>"; };
		408AEA3E1ED3E72A006368C1 /* Base */ = {isa = PBXFileReference; lastKnownFileType = file.storyboard; name = Base; path = Base.lproj/Main.storyboard; sourceTree = "<group>"; };
		408AEA401ED3E72A006368C1 /* Assets.xcassets */ = {isa = PBXFileReference; lastKnownFileType = folder.assetcatalog; path = Assets.xcassets; sourceTree = "<group>"; };
		408AEA431ED3E72A006368C1 /* Base */ = {isa = PBXFileReference; lastKnownFileType = file.storyboard; name = Base; path = Base.lproj/LaunchScreen.storyboard; sourceTree = "<group>"; };
		408AEA451ED3E72A006368C1 /* Info.plist */ = {isa = PBXFileReference; lastKnownFileType = text.plist.xml; path = Info.plist; sourceTree = "<group>"; };
		64DC7988EC23134563BE4DC5 /* Pods-GoogleMap.release.xcconfig */ = {isa = PBXFileReference; includeInIndex = 1; lastKnownFileType = text.xcconfig; name = "Pods-GoogleMap.release.xcconfig"; path = "Pods/Target Support Files/Pods-GoogleMap/Pods-GoogleMap.release.xcconfig"; sourceTree = "<group>"; };
		70260EAB69580F5D49D081AF /* Pods_GoogleMap.framework */ = {isa = PBXFileReference; explicitFileType = wrapper.framework; includeInIndex = 0; path = Pods_GoogleMap.framework; sourceTree = BUILT_PRODUCTS_DIR; };
		9931221F8F7C78CCA2DB5DFA /* Pods-GoogleMap.debug.xcconfig */ = {isa = PBXFileReference; includeInIndex = 1; lastKnownFileType = text.xcconfig; name = "Pods-GoogleMap.debug.xcconfig"; path = "Pods/Target Support Files/Pods-GoogleMap/Pods-GoogleMap.debug.xcconfig"; sourceTree = "<group>"; };
/* End PBXFileReference section */

/* Begin PBXFrameworksBuildPhase section */
		408AEA331ED3E72A006368C1 /* Frameworks */ = {
			isa = PBXFrameworksBuildPhase;
			buildActionMask = 2147483647;
			files = (
				B248143E7A33A93E93302EC1 /* Pods_GoogleMap.framework in Frameworks */,
			);
			runOnlyForDeploymentPostprocessing = 0;
		};
/* End PBXFrameworksBuildPhase section */

/* Begin PBXGroup section */
		408AEA2D1ED3E72A006368C1 = {
			isa = PBXGroup;
			children = (
				408AEA381ED3E72A006368C1 /* GoogleMap */,
				408AEA371ED3E72A006368C1 /* Products */,
				B97B7E94461130A4BCD8CF77 /* Pods */,
				BCCEC9FB0F554A0700AD8526 /* Frameworks */,
			);
			sourceTree = "<group>";
		};
		408AEA371ED3E72A006368C1 /* Products */ = {
			isa = PBXGroup;
			children = (
				408AEA361ED3E72A006368C1 /* GoogleMap.app */,
			);
			name = Products;
			sourceTree = "<group>";
		};
		408AEA381ED3E72A006368C1 /* GoogleMap */ = {
			isa = PBXGroup;
			children = (
				408AEA391ED3E72A006368C1 /* AppDelegate.swift */,
				408AEA3B1ED3E72A006368C1 /* ViewController.swift */,
				403B6B0D1ED3EA6A00441A84 /* LocationVC.swift */,
				408AEA3D1ED3E72A006368C1 /* Main.storyboard */,
				408AEA401ED3E72A006368C1 /* Assets.xcassets */,
				408AEA421ED3E72A006368C1 /* LaunchScreen.storyboard */,
				408AEA451ED3E72A006368C1 /* Info.plist */,
			);
			path = GoogleMap;
			sourceTree = "<group>";
		};
		B97B7E94461130A4BCD8CF77 /* Pods */ = {
			isa = PBXGroup;
			children = (
				9931221F8F7C78CCA2DB5DFA /* Pods-GoogleMap.debug.xcconfig */,
				64DC7988EC23134563BE4DC5 /* Pods-GoogleMap.release.xcconfig */,
			);
			name = Pods;
			sourceTree = "<group>";
		};
		BCCEC9FB0F554A0700AD8526 /* Frameworks */ = {
			isa = PBXGroup;
			children = (
				70260EAB69580F5D49D081AF /* Pods_GoogleMap.framework */,
			);
			name = Frameworks;
			sourceTree = "<group>";
		};
/* End PBXGroup section */

/* Begin PBXNativeTarget section */
		408AEA351ED3E72A006368C1 /* GoogleMap */ = {
			isa = PBXNativeTarget;
			buildConfigurationList = 408AEA481ED3E72A006368C1 /* Build configuration list for PBXNativeTarget "GoogleMap" */;
			buildPhases = (
				7D7EA40130202CB869F9EA18 /* [CP] Check Pods Manifest.lock */,
				408AEA321ED3E72A006368C1 /* Sources */,
				408AEA331ED3E72A006368C1 /* Frameworks */,
				408AEA341ED3E72A006368C1 /* Resources */,
				26DF41BE25474E3C1B86F90D /* [CP] Embed Pods Frameworks */,
				E990893FB2A189C89CA75CAE /* [CP] Copy Pods Resources */,
			);
			buildRules = (
			);
			dependencies = (
			);
			name = GoogleMap;
			productName = GoogleMap;
			productReference = 408AEA361ED3E72A006368C1 /* GoogleMap.app */;
			productType = "com.apple.product-type.application";
		};
/* End PBXNativeTarget section */

/* Begin PBXProject section */
		408AEA2E1ED3E72A006368C1 /* Project object */ = {
			isa = PBXProject;
			attributes = {
				LastSwiftUpdateCheck = 0830;
				LastUpgradeCheck = 0830;
				ORGANIZATIONNAME = Thitiwat;
				TargetAttributes = {
					408AEA351ED3E72A006368C1 = {
						CreatedOnToolsVersion = 8.3.2;
						DevelopmentTeam = LNN3K54DN9;
						ProvisioningStyle = Automatic;
					};
				};
			};
			buildConfigurationList = 408AEA311ED3E72A006368C1 /* Build configuration list for PBXProject "GoogleMap" */;
			compatibilityVersion = "Xcode 3.2";
			developmentRegion = English;
			hasScannedForEncodings = 0;
			knownRegions = (
				en,
				Base,
			);
			mainGroup = 408AEA2D1ED3E72A006368C1;
			productRefGroup = 408AEA371ED3E72A006368C1 /* Products */;
			projectDirPath = "";
			projectRoot = "";
			targets = (
				408AEA351ED3E72A006368C1 /* GoogleMap */,
			);
		};
/* End PBXProject section */

/* Begin PBXResourcesBuildPhase section */
		408AEA341ED3E72A006368C1 /* Resources */ = {
			isa = PBXResourcesBuildPhase;
			buildActionMask = 2147483647;
			files = (
				408AEA441ED3E72A006368C1 /* LaunchScreen.storyboard in Resources */,
				408AEA411ED3E72A006368C1 /* Assets.xcassets in Resources */,
				408AEA3F1ED3E72A006368C1 /* Main.storyboard in Resources */,
			);
			runOnlyForDeploymentPostprocessing = 0;
		};
/* End PBXResourcesBuildPhase section */

/* Begin PBXShellScriptBuildPhase section */
		26DF41BE25474E3C1B86F90D /* [CP] Embed Pods Frameworks */ = {
			isa = PBXShellScriptBuildPhase;
			buildActionMask = 2147483647;
			files = (
			);
			inputPaths = (
			);
			name = "[CP] Embed Pods Frameworks";
			outputPaths = (
			);
			runOnlyForDeploymentPostprocessing = 0;
			shellPath = /bin/sh;
			shellScript = "\"${SRCROOT}/Pods/Target Support Files/Pods-GoogleMap/Pods-GoogleMap-frameworks.sh\"\n";
			showEnvVarsInLog = 0;
		};
		7D7EA40130202CB869F9EA18 /* [CP] Check Pods Manifest.lock */ = {
			isa = PBXShellScriptBuildPhase;
			buildActionMask = 2147483647;
			files = (
			);
			inputPaths = (
			);
			name = "[CP] Check Pods Manifest.lock";
			outputPaths = (
			);
			runOnlyForDeploymentPostprocessing = 0;
			shellPath = /bin/sh;
			shellScript = "diff \"${PODS_ROOT}/../Podfile.lock\" \"${PODS_ROOT}/Manifest.lock\" > /dev/null\nif [ $? != 0 ] ; then\n    # print error to STDERR\n    echo \"error: The sandbox is not in sync with the Podfile.lock. Run 'pod install' or update your CocoaPods installation.\" >&2\n    exit 1\nfi\n";
			showEnvVarsInLog = 0;
		};
		E990893FB2A189C89CA75CAE /* [CP] Copy Pods Resources */ = {
			isa = PBXShellScriptBuildPhase;
			buildActionMask = 2147483647;
			files = (
			);
			inputPaths = (
			);
			name = "[CP] Copy Pods Resources";
			outputPaths = (
			);
			runOnlyForDeploymentPostprocessing = 0;
			shellPath = /bin/sh;
			shellScript = "\"${SRCROOT}/Pods/Target Support Files/Pods-GoogleMap/Pods-GoogleMap-resources.sh\"\n";
			showEnvVarsInLog = 0;
		};
/* End PBXShellScriptBuildPhase section */

/* Begin PBXSourcesBuildPhase section */
		408AEA321ED3E72A006368C1 /* Sources */ = {
			isa = PBXSourcesBuildPhase;
			buildActionMask = 2147483647;
			files = (
				408AEA3C1ED3E72A006368C1 /* ViewController.swift in Sources */,
				408AEA3A1ED3E72A006368C1 /* AppDelegate.swift in Sources */,
				403B6B0E1ED3EA6A00441A84 /* LocationVC.swift in Sources */,
			);
			runOnlyForDeploymentPostprocessing = 0;
		};
/* End PBXSourcesBuildPhase section */

/* Begin PBXVariantGroup section */
		408AEA3D1ED3E72A006368C1 /* Main.storyboard */ = {
			isa = PBXVariantGroup;
			children = (
				408AEA3E1ED3E72A006368C1 /* Base */,
			);
			name = Main.storyboard;
			sourceTree = "<group>";
		};
		408AEA421ED3E72A006368C1 /* LaunchScreen.storyboard */ = {
			isa = PBXVariantGroup;
			children = (
				408AEA431ED3E72A006368C1 /* Base */,
			);
			name = LaunchScreen.storyboard;
			sourceTree = "<group>";
		};
/* End PBXVariantGroup section */

/* Begin XCBuildConfiguration section */
		408AEA461ED3E72A006368C1 /* Debug */ = {
			isa = XCBuildConfiguration;
			buildSettings = {
				ALWAYS_SEARCH_USER_PATHS = NO;
				CLANG_ANALYZER_NONNULL = YES;
				CLANG_ANALYZER_NUMBER_OBJECT_CONVERSION = YES_AGGRESSIVE;
				CLANG_CXX_LANGUAGE_STANDARD = "gnu++0x";
				CLANG_CXX_LIBRARY = "libc++";
				CLANG_ENABLE_MODULES = YES;
				CLANG_ENABLE_OBJC_ARC = YES;
				CLANG_WARN_BOOL_CONVERSION = YES;
				CLANG_WARN_CONSTANT_CONVERSION = YES;
				CLANG_WARN_DIRECT_OBJC_ISA_USAGE = YES_ERROR;
				CLANG_WARN_DOCUMENTATION_COMMENTS = YES;
				CLANG_WARN_EMPTY_BODY = YES;
				CLANG_WARN_ENUM_CONVERSION = YES;
				CLANG_WARN_INFINITE_RECURSION = YES;
				CLANG_WARN_INT_CONVERSION = YES;
				CLANG_WARN_OBJC_ROOT_CLASS = YES_ERROR;
				CLANG_WARN_SUSPICIOUS_MOVE = YES;
				CLANG_WARN_UNREACHABLE_CODE = YES;
				CLANG_WARN__DUPLICATE_METHOD_MATCH = YES;
				"CODE_SIGN_IDENTITY[sdk=iphoneos*]" = "iPhone Developer";
				COPY_PHASE_STRIP = NO;
				DEBUG_INFORMATION_FORMAT = dwarf;
				ENABLE_STRICT_OBJC_MSGSEND = YES;
				ENABLE_TESTABILITY = YES;
				GCC_C_LANGUAGE_STANDARD = gnu99;
				GCC_DYNAMIC_NO_PIC = NO;
				GCC_NO_COMMON_BLOCKS = YES;
				GCC_OPTIMIZATION_LEVEL = 0;
				GCC_PREPROCESSOR_DEFINITIONS = (
					"DEBUG=1",
					"$(inherited)",
				);
				GCC_WARN_64_TO_32_BIT_CONVERSION = YES;
				GCC_WARN_ABOUT_RETURN_TYPE = YES_ERROR;
				GCC_WARN_UNDECLARED_SELECTOR = YES;
				GCC_WARN_UNINITIALIZED_AUTOS = YES_AGGRESSIVE;
				GCC_WARN_UNUSED_FUNCTION = YES;
				GCC_WARN_UNUSED_VARIABLE = YES;
				IPHONEOS_DEPLOYMENT_TARGET = 10.3;
				MTL_ENABLE_DEBUG_INFO = YES;
				ONLY_ACTIVE_ARCH = YES;
				SDKROOT = iphoneos;
				SWIFT_ACTIVE_COMPILATION_CONDITIONS = DEBUG;
				SWIFT_OPTIMIZATION_LEVEL = "-Onone";
				TARGETED_DEVICE_FAMILY = "1,2";
			};
			name = Debug;
		};
		408AEA471ED3E72A006368C1 /* Release */ = {
			isa = XCBuildConfiguration;
			buildSettings = {
				ALWAYS_SEARCH_USER_PATHS = NO;
				CLANG_ANALYZER_NONNULL = YES;
				CLANG_ANALYZER_NUMBER_OBJECT_CONVERSION = YES_AGGRESSIVE;
				CLANG_CXX_LANGUAGE_STANDARD = "gnu++0x";
				CLANG_CXX_LIBRARY = "libc++";
				CLANG_ENABLE_MODULES = YES;
				CLANG_ENABLE_OBJC_ARC = YES;
				CLANG_WARN_BOOL_CONVERSION = YES;
				CLANG_WARN_CONSTANT_CONVERSION = YES;
				CLANG_WARN_DIRECT_OBJC_ISA_USAGE = YES_ERROR;
				CLANG_WARN_DOCUMENTATION_COMMENTS = YES;
				CLANG_WARN_EMPTY_BODY = YES;
				CLANG_WARN_ENUM_CONVERSION = YES;
				CLANG_WARN_INFINITE_RECURSION = YES;
				CLANG_WARN_INT_CONVERSION = YES;
				CLANG_WARN_OBJC_ROOT_CLASS = YES_ERROR;
				CLANG_WARN_SUSPICIOUS_MOVE = YES;
				CLANG_WARN_UNREACHABLE_CODE = YES;
				CLANG_WARN__DUPLICATE_METHOD_MATCH = YES;
				"CODE_SIGN_IDENTITY[sdk=iphoneos*]" = "iPhone Developer";
				COPY_PHASE_STRIP = NO;
				DEBUG_INFORMATION_FORMAT = "dwarf-with-dsym";
				ENABLE_NS_ASSERTIONS = NO;
				ENABLE_STRICT_OBJC_MSGSEND = YES;
				GCC_C_LANGUAGE_STANDARD = gnu99;
				GCC_NO_COMMON_BLOCKS = YES;
				GCC_WARN_64_TO_32_BIT_CONVERSION = YES;
				GCC_WARN_ABOUT_RETURN_TYPE = YES_ERROR;
				GCC_WARN_UNDECLARED_SELECTOR = YES;
				GCC_WARN_UNINITIALIZED_AUTOS = YES_AGGRESSIVE;
				GCC_WARN_UNUSED_FUNCTION = YES;
				GCC_WARN_UNUSED_VARIABLE = YES;
				IPHONEOS_DEPLOYMENT_TARGET = 10.3;
				MTL_ENABLE_DEBUG_INFO = NO;
				SDKROOT = iphoneos;
				SWIFT_OPTIMIZATION_LEVEL = "-Owholemodule";
				TARGETED_DEVICE_FAMILY = "1,2";
				VALIDATE_PRODUCT = YES;
			};
			name = Release;
		};
		408AEA491ED3E72A006368C1 /* Debug */ = {
			isa = XCBuildConfiguration;
			baseConfigurationReference = 9931221F8F7C78CCA2DB5DFA /* Pods-GoogleMap.debug.xcconfig */;
			buildSettings = {
				ASSETCATALOG_COMPILER_APPICON_NAME = AppIcon;
				DEVELOPMENT_TEAM = LNN3K54DN9;
				INFOPLIST_FILE = GoogleMap/Info.plist;
				LD_RUNPATH_SEARCH_PATHS = "$(inherited) @executable_path/Frameworks";
				PRODUCT_BUNDLE_IDENTIFIER = com.Thitiwat.GoogleMap;
				PRODUCT_NAME = "$(TARGET_NAME)";
				SWIFT_VERSION = 3.0;
			};
			name = Debug;
		};
		408AEA4A1ED3E72A006368C1 /* Release */ = {
			isa = XCBuildConfiguration;
			baseConfigurationReference = 64DC7988EC23134563BE4DC5 /* Pods-GoogleMap.release.xcconfig */;
			buildSettings = {
				ASSETCATALOG_COMPILER_APPICON_NAME = AppIcon;
				DEVELOPMENT_TEAM = LNN3K54DN9;
				INFOPLIST_FILE = GoogleMap/Info.plist;
				LD_RUNPATH_SEARCH_PATHS = "$(inherited) @executable_path/Frameworks";
				PRODUCT_BUNDLE_IDENTIFIER = com.Thitiwat.GoogleMap;
				PRODUCT_NAME = "$(TARGET_NAME)";
				SWIFT_VERSION = 3.0;
			};
			name = Release;
		};
/* End XCBuildConfiguration section */

/* Begin XCConfigurationList section */
		408AEA311ED3E72A006368C1 /* Build configuration list for PBXProject "GoogleMap" */ = {
			isa = XCConfigurationList;
			buildConfigurations = (
				408AEA461ED3E72A006368C1 /* Debug */,
				408AEA471ED3E72A006368C1 /* Release */,
			);
			defaultConfigurationIsVisible = 0;
			defaultConfigurationName = Release;
		};
		408AEA481ED3E72A006368C1 /* Build configuration list for PBXNativeTarget "GoogleMap" */ = {
			isa = XCConfigurationList;
			buildConfigurations = (
				408AEA491ED3E72A006368C1 /* Debug */,
				408AEA4A1ED3E72A006368C1 /* Release */,
			);
			defaultConfigurationIsVisible = 0;
			defaultConfigurationName = Release;
		};
/* End XCConfigurationList section */
	};
	rootObject = 408AEA2E1ED3E72A006368C1 /* Project object */;
}
